PODS:
  - agora_rtc_engine (6.6.3):
    - AgoraIrisRTC_iOS2 (= 4.6.2-build.1)
    - AgoraVideo_Special_iOS (= 4.6.2.70)
    - Flutter
  - AgoraIrisRTC_iOS2 (4.6.2-build.1)
  - AgoraVideo_Special_iOS (4.6.2.70)
  - Flutter (1.0.0)
  - iris_method_channel (0.0.1):
    - Flutter
  - moderation_agora_bridge_flutter (0.0.1):
    - agora_rtc_engine
    - Flutter
  - nosmai_moderation_sdk (1.0.0):
    - Flutter
    - NosmaiModerationSDK (~> 1.0.1)
  - NosmaiModerationSDK (1.0.1)
  - permission_handler_apple (9.4.8):
    - Flutter

DEPENDENCIES:
  - agora_rtc_engine (from `.symlinks/plugins/agora_rtc_engine/ios`)
  - Flutter (from `Flutter`)
  - iris_method_channel (from `.symlinks/plugins/iris_method_channel/ios`)
  - moderation_agora_bridge_flutter (from `.symlinks/plugins/moderation_agora_bridge_flutter/ios`)
  - nosmai_moderation_sdk (from `.symlinks/plugins/nosmai_moderation_sdk/ios`)
  - permission_handler_apple (from `.symlinks/plugins/permission_handler_apple/ios`)

SPEC REPOS:
  trunk:
    - AgoraIrisRTC_iOS2
    - AgoraVideo_Special_iOS
    - NosmaiModerationSDK

EXTERNAL SOURCES:
  agora_rtc_engine:
    :path: ".symlinks/plugins/agora_rtc_engine/ios"
  Flutter:
    :path: Flutter
  iris_method_channel:
    :path: ".symlinks/plugins/iris_method_channel/ios"
  moderation_agora_bridge_flutter:
    :path: ".symlinks/plugins/moderation_agora_bridge_flutter/ios"
  nosmai_moderation_sdk:
    :path: ".symlinks/plugins/nosmai_moderation_sdk/ios"
  permission_handler_apple:
    :path: ".symlinks/plugins/permission_handler_apple/ios"

SPEC CHECKSUMS:
  agora_rtc_engine: eb07ef3cf67c06a20fbdfc7f67b09c5ffb4be324
  AgoraIrisRTC_iOS2: 13996c3c78134da357634f6a1a12741436658886
  AgoraVideo_Special_iOS: 9bd42c487f936f4d335d5630e2632f0b08e214f5
  Flutter: cabc95a1d2626b1b06e7179b784ebcf0c0cde467
  iris_method_channel: 7d661cf3259b3009ae423508470dbeb9374446ee
  moderation_agora_bridge_flutter: 52cd7459e70841f2106664aa5d33a4e1a80f625b
  nosmai_moderation_sdk: 6ba7a752029bf767e024f0dff62c668407985c26
  NosmaiModerationSDK: 69b525e970b7b678ed16776adbae8d1216697880
  permission_handler_apple: 92d754bbaa7361d436db2d6c3c1c2a0fdcec462e

PODFILE CHECKSUM: 1b989512e715a1f2503b025e857113e095bd88d4

COCOAPODS: 1.16.2
